// !$*UTF8*$!
{
	archiveVersion = 1;
	classes = {
	};
	objectVersion = 55;
	objects = {

/* Begin PBXBuildFile section */
		BCF9C0F22704E41E00C608B9 /* AppDelegate.swift in Sources */ = {isa = PBXBuildFile; fileRef = BCF9C0F12704E41E00C608B9 /* AppDelegate.swift */; };
		BCF9C0F42704E41E00C608B9 /* SceneDelegate.swift in Sources */ = {isa = PBXBuildFile; fileRef = BCF9C0F32704E41E00C608B9 /* SceneDelegate.swift */; };
		BCF9C0F62704E41E00C608B9 /* ViewController.swift in Sources */ = {isa = PBXBuildFile; fileRef = BCF9C0F52704E41E00C608B9 /* ViewController.swift */; };
		BCF9C0F92704E41E00C608B9 /* Main.storyboard in Resources */ = {isa = PBXBuildFile; fileRef = BCF9C0F72704E41E00C608B9 /* Main.storyboard */; };
		BCF9C0FC2704E41E00C608B9 /* ToDo.xcdatamodeld in Sources */ = {isa = PBXBuildFile; fileRef = BCF9C0FA2704E41E00C608B9 /* ToDo.xcdatamodeld */; };
		BCF9C0FE2704E42200C608B9 /* Assets.xcassets in Resources */ = {isa = PBXBuildFile; fileRef = BCF9C0FD2704E42200C608B9 /* Assets.xcassets */; };
		BCF9C1012704E42200C608B9 /* LaunchScreen.storyboard in Resources */ = {isa = PBXBuildFile; fileRef = BCF9C0FF2704E42200C608B9 /* LaunchScreen.storyboard */; };
		BCF9C10C2704E42200C608B9 /* ToDoTests.swift in Sources */ = {isa = PBXBuildFile; fileRef = BCF9C10B2704E42200C608B9 /* ToDoTests.swift */; };
		BCF9C1162704E42200C608B9 /* ToDoUITests.swift in Sources */ = {isa = PBXBuildFile; fileRef = BCF9C1152704E42200C608B9 /* ToDoUITests.swift */; };
		BCF9C1182704E42200C608B9 /* ToDoUITestsLaunchTests.swift in Sources */ = {isa = PBXBuildFile; fileRef = BCF9C1172704E42200C608B9 /* ToDoUITestsLaunchTests.swift */; };
/* End PBXBuildFile section */

/* Begin PBXContainerItemProxy section */
		BCF9C1082704E42200C608B9 /* PBXContainerItemProxy */ = {
			isa = PBXContainerItemProxy;
			containerPortal = BCF9C0E62704E41E00C608B9 /* Project object */;
			proxyType = 1;
			remoteGlobalIDString = BCF9C0ED2704E41E00C608B9;
			remoteInfo = ToDo;
		};
		BCF9C1122704E42200C608B9 /* PBXContainerItemProxy */ = {
			isa = PBXContainerItemProxy;
			containerPortal = BCF9C0E62704E41E00C608B9 /* Project object */;
			proxyType = 1;
			remoteGlobalIDString = BCF9C0ED2704E41E00C608B9;
			remoteInfo = ToDo;
		};
/* End PBXContainerItemProxy section */

/* Begin PBXFileReference section */
		BCF9C0EE2704E41E00C608B9 /* ToDo.app */ = {isa = PBXFileReference; explicitFileType = wrapper.application; includeInIndex = 0; path = ToDo.app; sourceTree = BUILT_PRODUCTS_DIR; };
		BCF9C0F12704E41E00C608B9 /* AppDelegate.swift */ = {isa = PBXFileReference; lastKnownFileType = sourcecode.swift; path = AppDelegate.swift; sourceTree = "<group>"; };
		BCF9C0F32704E41E00C608B9 /* SceneDelegate.swift */ = {isa = PBXFileReference; lastKnownFileType = sourcecode.swift; path = SceneDelegate.swift; sourceTree = "<group>"; };
		BCF9C0F52704E41E00C608B9 /* ViewController.swift */ = {isa = PBXFileReference; lastKnownFileType = sourcecode.swift; path = ViewController.swift; sourceTree = "<group>"; };
		BCF9C0F82704E41E00C608B9 /* Base */ = {isa = PBXFileReference; lastKnownFileType = file.storyboard; name = Base; path = Base.lproj/Main.storyboard; sourceTree = "<group>"; };
		BCF9C0FB2704E41E00C608B9 /* ToDo.xcdatamodel */ = {isa = PBXFileReference; lastKnownFileType = wrapper.xcdatamodel; path = ToDo.xcdatamodel; sourceTree = "<group>"; };
		BCF9C0FD2704E42200C608B9 /* Assets.xcassets */ = {isa = PBXFileReference; lastKnownFileType = folder.assetcatalog; path = Assets.xcassets; sourceTree = "<group>"; };
		BCF9C1002704E42200C608B9 /* Base */ = {isa = PBXFileReference; lastKnownFileType = file.storyboard; name = Base; path = Base.lproj/LaunchScreen.storyboard; sourceTree = "<group>"; };
		BCF9C1022704E42200C608B9 /* Info.plist */ = {isa = PBXFileReference; lastKnownFileType = text.plist.xml; path = Info.plist; sourceTree = "<group>"; };
		BCF9C1072704E42200C608B9 /* ToDoTests.xctest */ = {isa = PBXFileReference; explicitFileType = wrapper.cfbundle; includeInIndex = 0; path = ToDoTests.xctest; sourceTree = BUILT_PRODUCTS_DIR; };
		BCF9C10B2704E42200C608B9 /* ToDoTests.swift */ = {isa = PBXFileReference; lastKnownFileType = sourcecode.swift; path = ToDoTests.swift; sourceTree = "<group>"; };
		BCF9C1112704E42200C608B9 /* ToDoUITests.xctest */ = {isa = PBXFileReference; explicitFileType = wrapper.cfbundle; includeInIndex = 0; path = ToDoUITests.xctest; sourceTree = BUILT_PRODUCTS_DIR; };
		BCF9C1152704E42200C608B9 /* ToDoUITests.swift */ = {isa = PBXFileReference; lastKnownFileType = sourcecode.swift; path = ToDoUITests.swift; sourceTree = "<group>"; };
		BCF9C1172704E42200C608B9 /* ToDoUITestsLaunchTests.swift */ = {isa = PBXFileReference; lastKnownFileType = sourcecode.swift; path = ToDoUITestsLaunchTests.swift; sourceTree = "<group>"; };
/* End PBXFileReference section */

/* Begin PBXFrameworksBuildPhase section */
		BCF9C0EB2704E41E00C608B9 /* Frameworks */ = {
			isa = PBXFrameworksBuildPhase;
			buildActionMask = 2147483647;
			files = (
			);
			runOnlyForDeploymentPostprocessing = 0;
		};
		BCF9C1042704E42200C608B9 /* Frameworks */ = {
			isa = PBXFrameworksBuildPhase;
			buildActionMask = 2147483647;
			files = (
			);
			runOnlyForDeploymentPostprocessing = 0;
		};
		BCF9C10E2704E42200C608B9 /* Frameworks */ = {
			isa = PBXFrameworksBuildPhase;
			buildActionMask = 2147483647;
			files = (
			);
			runOnlyForDeploymentPostprocessing = 0;
		};
/* End PBXFrameworksBuildPhase section */

/* Begin PBXGroup section */
		BCF9C0E52704E41E00C608B9 = {
			isa = PBXGroup;
			children = (
				BCF9C0F02704E41E00C608B9 /* ToDo */,
				BCF9C10A2704E42200C608B9 /* ToDoTests */,
				BCF9C1142704E42200C608B9 /* ToDoUITests */,
				BCF9C0EF2704E41E00C608B9 /* Products */,
			);
			sourceTree = "<group>";
		};
		BCF9C0EF2704E41E00C608B9 /* Products */ = {
			isa = PBXGroup;
			children = (
				BCF9C0EE2704E41E00C608B9 /* ToDo.app */,
				BCF9C1072704E42200C608B9 /* ToDoTests.xctest */,
				BCF9C1112704E42200C608B9 /* ToDoUITests.xctest */,
			);
			name = Products;
			sourceTree = "<group>";
		};
		BCF9C0F02704E41E00C608B9 /* ToDo */ = {
			isa = PBXGroup;
			children = (
				BCF9C0F12704E41E00C608B9 /* AppDelegate.swift */,
				BCF9C0F32704E41E00C608B9 /* SceneDelegate.swift */,
				BCF9C0F52704E41E00C608B9 /* ViewController.swift */,
				BCF9C0F72704E41E00C608B9 /* Main.storyboard */,
				BCF9C0FD2704E42200C608B9 /* Assets.xcassets */,
				BCF9C0FF2704E42200C608B9 /* LaunchScreen.storyboard */,
				BCF9C1022704E42200C608B9 /* Info.plist */,
				BCF9C0FA2704E41E00C608B9 /* ToDo.xcdatamodeld */,
			);
			path = ToDo;
			sourceTree = "<group>";
		};
		BCF9C10A2704E42200C608B9 /* ToDoTests */ = {
			isa = PBXGroup;
			children = (
				BCF9C10B2704E42200C608B9 /* ToDoTests.swift */,
			);
			path = ToDoTests;
			sourceTree = "<group>";
		};
		BCF9C1142704E42200C608B9 /* ToDoUITests */ = {
			isa = PBXGroup;
			children = (
				BCF9C1152704E42200C608B9 /* ToDoUITests.swift */,
				BCF9C1172704E42200C608B9 /* ToDoUITestsLaunchTests.swift */,
			);
			path = ToDoUITests;
			sourceTree = "<group>";
		};
/* End PBXGroup section */

/* Begin PBXNativeTarget section */
		BCF9C0ED2704E41E00C608B9 /* ToDo */ = {
			isa = PBXNativeTarget;
			buildConfigurationList = BCF9C11B2704E42200C608B9 /* Build configuration list for PBXNativeTarget "ToDo" */;
			buildPhases = (
				BCF9C0EA2704E41E00C608B9 /* Sources */,
				BCF9C0EB2704E41E00C608B9 /* Frameworks */,
				BCF9C0EC2704E41E00C608B9 /* Resources */,
			);
			buildRules = (
			);
			dependencies = (
			);
			name = ToDo;
			productName = ToDo;
			productReference = BCF9C0EE2704E41E00C608B9 /* ToDo.app */;
			productType = "com.apple.product-type.application";
		};
		BCF9C1062704E42200C608B9 /* ToDoTests */ = {
			isa = PBXNativeTarget;
			buildConfigurationList = BCF9C11E2704E42200C608B9 /* Build configuration list for PBXNativeTarget "ToDoTests" */;
			buildPhases = (
				BCF9C1032704E42200C608B9 /* Sources */,
				BCF9C1042704E42200C608B9 /* Frameworks */,
				BCF9C1052704E42200C608B9 /* Resources */,
			);
			buildRules = (
			);
			dependencies = (
				BCF9C1092704E42200C608B9 /* PBXTargetDependency */,
			);
			name = ToDoTests;
			productName = ToDoTests;
			productReference = BCF9C1072704E42200C608B9 /* ToDoTests.xctest */;
			productType = "com.apple.product-type.bundle.unit-test";
		};
		BCF9C1102704E42200C608B9 /* ToDoUITests */ = {
			isa = PBXNativeTarget;
			buildConfigurationList = BCF9C1212704E42200C608B9 /* Build configuration list for PBXNativeTarget "ToDoUITests" */;
			buildPhases = (
				BCF9C10D2704E42200C608B9 /* Sources */,
				BCF9C10E2704E42200C608B9 /* Frameworks */,
				BCF9C10F2704E42200C608B9 /* Resources */,
			);
			buildRules = (
			);
			dependencies = (
				BCF9C1132704E42200C608B9 /* PBXTargetDependency */,
			);
			name = ToDoUITests;
			productName = ToDoUITests;
			productReference = BCF9C1112704E42200C608B9 /* ToDoUITests.xctest */;
			productType = "com.apple.product-type.bundle.ui-testing";
		};
/* End PBXNativeTarget section */

/* Begin PBXProject section */
		BCF9C0E62704E41E00C608B9 /* Project object */ = {
			isa = PBXProject;
			attributes = {
				BuildIndependentTargetsInParallel = 1;
				LastSwiftUpdateCheck = 1300;
				LastUpgradeCheck = 1300;
				TargetAttributes = {
					BCF9C0ED2704E41E00C608B9 = {
						CreatedOnToolsVersion = 13.0;
					};
					BCF9C1062704E42200C608B9 = {
						CreatedOnToolsVersion = 13.0;
						TestTargetID = BCF9C0ED2704E41E00C608B9;
					};
					BCF9C1102704E42200C608B9 = {
						CreatedOnToolsVersion = 13.0;
						TestTargetID = BCF9C0ED2704E41E00C608B9;
					};
				};
			};
			buildConfigurationList = BCF9C0E92704E41E00C608B9 /* Build configuration list for PBXProject "ToDo" */;
			compatibilityVersion = "Xcode 13.0";
			developmentRegion = en;
			hasScannedForEncodings = 0;
			knownRegions = (
				en,
				Base,
			);
			mainGroup = BCF9C0E52704E41E00C608B9;
			productRefGroup = BCF9C0EF2704E41E00C608B9 /* Products */;
			projectDirPath = "";
			projectRoot = "";
			targets = (
				BCF9C0ED2704E41E00C608B9 /* ToDo */,
				BCF9C1062704E42200C608B9 /* ToDoTests */,
				BCF9C1102704E42200C608B9 /* ToDoUITests */,
			);
		};
/* End PBXProject section */

/* Begin PBXResourcesBuildPhase section */
		BCF9C0EC2704E41E00C608B9 /* Resources */ = {
			isa = PBXResourcesBuildPhase;
			buildActionMask = 2147483647;
			files = (
				BCF9C1012704E42200C608B9 /* LaunchScreen.storyboard in Resources */,
				BCF9C0FE2704E42200C608B9 /* Assets.xcassets in Resources */,
				BCF9C0F92704E41E00C608B9 /* Main.storyboard in Resources */,
			);
			runOnlyForDeploymentPostprocessing = 0;
		};
		BCF9C1052704E42200C608B9 /* Resources */ = {
			isa = PBXResourcesBuildPhase;
			buildActionMask = 2147483647;
			files = (
			);
			runOnlyForDeploymentPostprocessing = 0;
		};
		BCF9C10F2704E42200C608B9 /* Resources */ = {
			isa = PBXResourcesBuildPhase;
			buildActionMask = 2147483647;
			files = (
			);
			runOnlyForDeploymentPostprocessing = 0;
		};
/* End PBXResourcesBuildPhase section */

/* Begin PBXSourcesBuildPhase section */
		BCF9C0EA2704E41E00C608B9 /* Sources */ = {
			isa = PBXSourcesBuildPhase;
			buildActionMask = 2147483647;
			files = (
				BCF9C0F62704E41E00C608B9 /* ViewController.swift in Sources */,
				BCF9C0F22704E41E00C608B9 /* AppDelegate.swift in Sources */,
				BCF9C0F42704E41E00C608B9 /* SceneDelegate.swift in Sources */,
				BCF9C0FC2704E41E00C608B9 /* ToDo.xcdatamodeld in Sources */,
			);
			runOnlyForDeploymentPostprocessing = 0;
		};
		BCF9C1032704E42200C608B9 /* Sources */ = {
			isa = PBXSourcesBuildPhase;
			buildActionMask = 2147483647;
			files = (
				BCF9C10C2704E42200C608B9 /* ToDoTests.swift in Sources */,
			);
			runOnlyForDeploymentPostprocessing = 0;
		};
		BCF9C10D2704E42200C608B9 /* Sources */ = {
			isa = PBXSourcesBuildPhase;
			buildActionMask = 2147483647;
			files = (
				BCF9C1182704E42200C608B9 /* ToDoUITestsLaunchTests.swift in Sources */,
				BCF9C1162704E42200C608B9 /* ToDoUITests.swift in Sources */,
			);
			runOnlyForDeploymentPostprocessing = 0;
		};
/* End PBXSourcesBuildPhase section */

/* Begin PBXTargetDependency section */
		BCF9C1092704E42200C608B9 /* PBXTargetDependency */ = {
			isa = PBXTargetDependency;
			target = BCF9C0ED2704E41E00C608B9 /* ToDo */;
			targetProxy = BCF9C1082704E42200C608B9 /* PBXContainerItemProxy */;
		};
		BCF9C1132704E42200C608B9 /* PBXTargetDependency */ = {
			isa = PBXTargetDependency;
			target = BCF9C0ED2704E41E00C608B9 /* ToDo */;
			targetProxy = BCF9C1122704E42200C608B9 /* PBXContainerItemProxy */;
		};
/* End PBXTargetDependency section */

/* Begin PBXVariantGroup section */
		BCF9C0F72704E41E00C608B9 /* Main.storyboard */ = {
			isa = PBXVariantGroup;
			children = (
				BCF9C0F82704E41E00C608B9 /* Base */,
			);
			name = Main.storyboard;
			sourceTree = "<group>";
		};
		BCF9C0FF2704E42200C608B9 /* LaunchScreen.storyboard */ = {
			isa = PBXVariantGroup;
			children = (
				BCF9C1002704E42200C608B9 /* Base */,
			);
			name = LaunchScreen.storyboard;
			sourceTree = "<group>";
		};
/* End PBXVariantGroup section */

/* Begin XCBuildConfiguration section */
		BCF9C1192704E42200C608B9 /* Debug */ = {
			isa = XCBuildConfiguration;
			buildSettings = {
				ALWAYS_SEARCH_USER_PATHS = NO;
				CLANG_ANALYZER_NONNULL = YES;
				CLANG_ANALYZER_NUMBER_OBJECT_CONVERSION = YES_AGGRESSIVE;
				CLANG_CXX_LANGUAGE_STANDARD = "gnu++17";
				CLANG_CXX_LIBRARY = "libc++";
				CLANG_ENABLE_MODULES = YES;
				CLANG_ENABLE_OBJC_ARC = YES;
				CLANG_ENABLE_OBJC_WEAK = YES;
				CLANG_WARN_BLOCK_CAPTURE_AUTORELEASING = YES;
				CLANG_WARN_BOOL_CONVERSION = YES;
				CLANG_WARN_COMMA = YES;
				CLANG_WARN_CONSTANT_CONVERSION = YES;
				CLANG_WARN_DEPRECATED_OBJC_IMPLEMENTATIONS = YES;
				CLANG_WARN_DIRECT_OBJC_ISA_USAGE = YES_ERROR;
				CLANG_WARN_DOCUMENTATION_COMMENTS = YES;
				CLANG_WARN_EMPTY_BODY = YES;
				CLANG_WARN_ENUM_CONVERSION = YES;
				CLANG_WARN_INFINITE_RECURSION = YES;
				CLANG_WARN_INT_CONVERSION = YES;
				CLANG_WARN_NON_LITERAL_NULL_CONVERSION = YES;
				CLANG_WARN_OBJC_IMPLICIT_RETAIN_SELF = YES;
				CLANG_WARN_OBJC_LITERAL_CONVERSION = YES;
				CLANG_WARN_OBJC_ROOT_CLASS = YES_ERROR;
				CLANG_WARN_QUOTED_INCLUDE_IN_FRAMEWORK_HEADER = YES;
				CLANG_WARN_RANGE_LOOP_ANALYSIS = YES;
				CLANG_WARN_STRICT_PROTOTYPES = YES;
				CLANG_WARN_SUSPICIOUS_MOVE = YES;
				CLANG_WARN_UNGUARDED_AVAILABILITY = YES_AGGRESSIVE;
				CLANG_WARN_UNREACHABLE_CODE = YES;
				CLANG_WARN__DUPLICATE_METHOD_MATCH = YES;
				COPY_PHASE_STRIP = NO;
				DEBUG_INFORMATION_FORMAT = dwarf;
				ENABLE_STRICT_OBJC_MSGSEND = YES;
				ENABLE_TESTABILITY = YES;
				GCC_C_LANGUAGE_STANDARD = gnu11;
				GCC_DYNAMIC_NO_PIC = NO;
				GCC_NO_COMMON_BLOCKS = YES;
				GCC_OPTIMIZATION_LEVEL = 0;
				GCC_PREPROCESSOR_DEFINITIONS = (
					"DEBUG=1",
					"$(inherited)",
				);
				GCC_WARN_64_TO_32_BIT_CONVERSION = YES;
				GCC_WARN_ABOUT_RETURN_TYPE = YES_ERROR;
				GCC_WARN_UNDECLARED_SELECTOR = YES;
				GCC_WARN_UNINITIALIZED_AUTOS = YES_AGGRESSIVE;
				GCC_WARN_UNUSED_FUNCTION = YES;
				GCC_WARN_UNUSED_VARIABLE = YES;
				IPHONEOS_DEPLOYMENT_TARGET = 15.0;
				MTL_ENABLE_DEBUG_INFO = INCLUDE_SOURCE;
				MTL_FAST_MATH = YES;
				ONLY_ACTIVE_ARCH = YES;
				SDKROOT = iphoneos;
				SWIFT_ACTIVE_COMPILATION_CONDITIONS = DEBUG;
				SWIFT_OPTIMIZATION_LEVEL = "-Onone";
			};
			name = Debug;
		};
		BCF9C11A2704E42200C608B9 /* Release */ = {
			isa = XCBuildConfiguration;
			buildSettings = {
				ALWAYS_SEARCH_USER_PATHS = NO;
				CLANG_ANALYZER_NONNULL = YES;
				CLANG_ANALYZER_NUMBER_OBJECT_CONVERSION = YES_AGGRESSIVE;
				CLANG_CXX_LANGUAGE_STANDARD = "gnu++17";
				CLANG_CXX_LIBRARY = "libc++";
				CLANG_ENABLE_MODULES = YES;
				CLANG_ENABLE_OBJC_ARC = YES;
				CLANG_ENABLE_OBJC_WEAK = YES;
				CLANG_WARN_BLOCK_CAPTURE_AUTORELEASING = YES;
				CLANG_WARN_BOOL_CONVERSION = YES;
				CLANG_WARN_COMMA = YES;
				CLANG_WARN_CONSTANT_CONVERSION = YES;
				CLANG_WARN_DEPRECATED_OBJC_IMPLEMENTATIONS = YES;
				CLANG_WARN_DIRECT_OBJC_ISA_USAGE = YES_ERROR;
				CLANG_WARN_DOCUMENTATION_COMMENTS = YES;
				CLANG_WARN_EMPTY_BODY = YES;
				CLANG_WARN_ENUM_CONVERSION = YES;
				CLANG_WARN_INFINITE_RECURSION = YES;
				CLANG_WARN_INT_CONVERSION = YES;
				CLANG_WARN_NON_LITERAL_NULL_CONVERSION = YES;
				CLANG_WARN_OBJC_IMPLICIT_RETAIN_SELF = YES;
				CLANG_WARN_OBJC_LITERAL_CONVERSION = YES;
				CLANG_WARN_OBJC_ROOT_CLASS = YES_ERROR;
				CLANG_WARN_QUOTED_INCLUDE_IN_FRAMEWORK_HEADER = YES;
				CLANG_WARN_RANGE_LOOP_ANALYSIS = YES;
				CLANG_WARN_STRICT_PROTOTYPES = YES;
				CLANG_WARN_SUSPICIOUS_MOVE = YES;
				CLANG_WARN_UNGUARDED_AVAILABILITY = YES_AGGRESSIVE;
				CLANG_WARN_UNREACHABLE_CODE = YES;
				CLANG_WARN__DUPLICATE_METHOD_MATCH = YES;
				COPY_PHASE_STRIP = NO;
				DEBUG_INFORMATION_FORMAT = "dwarf-with-dsym";
				ENABLE_NS_ASSERTIONS = NO;
				ENABLE_STRICT_OBJC_MSGSEND = YES;
				GCC_C_LANGUAGE_STANDARD = gnu11;
				GCC_NO_COMMON_BLOCKS = YES;
				GCC_WARN_64_TO_32_BIT_CONVERSION = YES;
				GCC_WARN_ABOUT_RETURN_TYPE = YES_ERROR;
				GCC_WARN_UNDECLARED_SELECTOR = YES;
				GCC_WARN_UNINITIALIZED_AUTOS = YES_AGGRESSIVE;
				GCC_WARN_UNUSED_FUNCTION = YES;
				GCC_WARN_UNUSED_VARIABLE = YES;
				IPHONEOS_DEPLOYMENT_TARGET = 15.0;
				MTL_ENABLE_DEBUG_INFO = NO;
				MTL_FAST_MATH = YES;
				SDKROOT = iphoneos;
				SWIFT_COMPILATION_MODE = wholemodule;
				SWIFT_OPTIMIZATION_LEVEL = "-O";
				VALIDATE_PRODUCT = YES;
			};
			name = Release;
		};
		BCF9C11C2704E42200C608B9 /* Debug */ = {
			isa = XCBuildConfiguration;
			buildSettings = {
				ASSETCATALOG_COMPILER_APPICON_NAME = AppIcon;
				ASSETCATALOG_COMPILER_GLOBAL_ACCENT_COLOR_NAME = AccentColor;
				CODE_SIGN_STYLE = Automatic;
				CURRENT_PROJECT_VERSION = 1;
				DEVELOPMENT_TEAM = ELWJ3MGU37;
				GENERATE_INFOPLIST_FILE = YES;
				INFOPLIST_FILE = ToDo/Info.plist;
				INFOPLIST_KEY_UIApplicationSupportsIndirectInputEvents = YES;
				INFOPLIST_KEY_UILaunchStoryboardName = LaunchScreen;
				INFOPLIST_KEY_UIMainStoryboardFile = Main;
				INFOPLIST_KEY_UISupportedInterfaceOrientations_iPad = "UIInterfaceOrientationPortrait UIInterfaceOrientationPortraitUpsideDown UIInterfaceOrientationLandscapeLeft UIInterfaceOrientationLandscapeRight";
				INFOPLIST_KEY_UISupportedInterfaceOrientations_iPhone = "UIInterfaceOrientationPortrait UIInterfaceOrientationLandscapeLeft UIInterfaceOrientationLandscapeRight";
				LD_RUNPATH_SEARCH_PATHS = (
					"$(inherited)",
					"@executable_path/Frameworks",
				);
				MARKETING_VERSION = 1.0;
				PRODUCT_BUNDLE_IDENTIFIER = christellenieves.ToDo;
				PRODUCT_NAME = "$(TARGET_NAME)";
				SWIFT_EMIT_LOC_STRINGS = YES;
				SWIFT_VERSION = 5.0;
				TARGETED_DEVICE_FAMILY = "1,2";
			};
			name = Debug;
		};
		BCF9C11D2704E42200C608B9 /* Release */ = {
			isa = XCBuildConfiguration;
			buildSettings = {
				ASSETCATALOG_COMPILER_APPICON_NAME = AppIcon;
				ASSETCATALOG_COMPILER_GLOBAL_ACCENT_COLOR_NAME = AccentColor;
				CODE_SIGN_STYLE = Automatic;
				CURRENT_PROJECT_VERSION = 1;
				DEVELOPMENT_TEAM = ELWJ3MGU37;
				GENERATE_INFOPLIST_FILE = YES;
				INFOPLIST_FILE = ToDo/Info.plist;
				INFOPLIST_KEY_UIApplicationSupportsIndirectInputEvents = YES;
				INFOPLIST_KEY_UILaunchStoryboardName = LaunchScreen;
				INFOPLIST_KEY_UIMainStoryboardFile = Main;
				INFOPLIST_KEY_UISupportedInterfaceOrientations_iPad = "UIInterfaceOrientationPortrait UIInterfaceOrientationPortraitUpsideDown UIInterfaceOrientationLandscapeLeft UIInterfaceOrientationLandscapeRight";
				INFOPLIST_KEY_UISupportedInterfaceOrientations_iPhone = "UIInterfaceOrientationPortrait UIInterfaceOrientationLandscapeLeft UIInterfaceOrientationLandscapeRight";
				LD_RUNPATH_SEARCH_PATHS = (
					"$(inherited)",
					"@executable_path/Frameworks",
				);
				MARKETING_VERSION = 1.0;
				PRODUCT_BUNDLE_IDENTIFIER = christellenieves.ToDo;
				PRODUCT_NAME = "$(TARGET_NAME)";
				SWIFT_EMIT_LOC_STRINGS = YES;
				SWIFT_VERSION = 5.0;
				TARGETED_DEVICE_FAMILY = "1,2";
			};
			name = Release;
		};
		BCF9C11F2704E42200C608B9 /* Debug */ = {
			isa = XCBuildConfiguration;
			buildSettings = {
				ALWAYS_EMBED_SWIFT_STANDARD_LIBRARIES = YES;
				BUNDLE_LOADER = "$(TEST_HOST)";
				CODE_SIGN_STYLE = Automatic;
				CURRENT_PROJECT_VERSION = 1;
				DEVELOPMENT_TEAM = ELWJ3MGU37;
				GENERATE_INFOPLIST_FILE = YES;
				IPHONEOS_DEPLOYMENT_TARGET = 15.0;
				LD_RUNPATH_SEARCH_PATHS = (
					"$(inherited)",
					"@executable_path/Frameworks",
					"@loader_path/Frameworks",
				);
				MARKETING_VERSION = 1.0;
				PRODUCT_BUNDLE_IDENTIFIER = christellenieves.ToDoTests;
				PRODUCT_NAME = "$(TARGET_NAME)";
				SWIFT_EMIT_LOC_STRINGS = NO;
				SWIFT_VERSION = 5.0;
				TARGETED_DEVICE_FAMILY = "1,2";
				TEST_HOST = "$(BUILT_PRODUCTS_DIR)/ToDo.app/ToDo";
			};
			name = Debug;
		};
		BCF9C1202704E42200C608B9 /* Release */ = {
			isa = XCBuildConfiguration;
			buildSettings = {
				ALWAYS_EMBED_SWIFT_STANDARD_LIBRARIES = YES;
				BUNDLE_LOADER = "$(TEST_HOST)";
				CODE_SIGN_STYLE = Automatic;
				CURRENT_PROJECT_VERSION = 1;
				DEVELOPMENT_TEAM = ELWJ3MGU37;
				GENERATE_INFOPLIST_FILE = YES;
				IPHONEOS_DEPLOYMENT_TARGET = 15.0;
				LD_RUNPATH_SEARCH_PATHS = (
					"$(inherited)",
					"@executable_path/Frameworks",
					"@loader_path/Frameworks",
				);
				MARKETING_VERSION = 1.0;
				PRODUCT_BUNDLE_IDENTIFIER = christellenieves.ToDoTests;
				PRODUCT_NAME = "$(TARGET_NAME)";
				SWIFT_EMIT_LOC_STRINGS = NO;
				SWIFT_VERSION = 5.0;
				TARGETED_DEVICE_FAMILY = "1,2";
				TEST_HOST = "$(BUILT_PRODUCTS_DIR)/ToDo.app/ToDo";
			};
			name = Release;
		};
		BCF9C1222704E42200C608B9 /* Debug */ = {
			isa = XCBuildConfiguration;
			buildSettings = {
				ALWAYS_EMBED_SWIFT_STANDARD_LIBRARIES = YES;
				CODE_SIGN_STYLE = Automatic;
				CURRENT_PROJECT_VERSION = 1;
				DEVELOPMENT_TEAM = ELWJ3MGU37;
				GENERATE_INFOPLIST_FILE = YES;
				LD_RUNPATH_SEARCH_PATHS = (
					"$(inherited)",
					"@executable_path/Frameworks",
					"@loader_path/Frameworks",
				);
				MARKETING_VERSION = 1.0;
				PRODUCT_BUNDLE_IDENTIFIER = christellenieves.ToDoUITests;
				PRODUCT_NAME = "$(TARGET_NAME)";
				SWIFT_EMIT_LOC_STRINGS = NO;
				SWIFT_VERSION = 5.0;
				TARGETED_DEVICE_FAMILY = "1,2";
				TEST_TARGET_NAME = ToDo;
			};
			name = Debug;
		};
		BCF9C1232704E42200C608B9 /* Release */ = {
			isa = XCBuildConfiguration;
			buildSettings = {
				ALWAYS_EMBED_SWIFT_STANDARD_LIBRARIES = YES;
				CODE_SIGN_STYLE = Automatic;
				CURRENT_PROJECT_VERSION = 1;
				DEVELOPMENT_TEAM = ELWJ3MGU37;
				GENERATE_INFOPLIST_FILE = YES;
				LD_RUNPATH_SEARCH_PATHS = (
					"$(inherited)",
					"@executable_path/Frameworks",
					"@loader_path/Frameworks",
				);
				MARKETING_VERSION = 1.0;
				PRODUCT_BUNDLE_IDENTIFIER = christellenieves.ToDoUITests;
				PRODUCT_NAME = "$(TARGET_NAME)";
				SWIFT_EMIT_LOC_STRINGS = NO;
				SWIFT_VERSION = 5.0;
				TARGETED_DEVICE_FAMILY = "1,2";
				TEST_TARGET_NAME = ToDo;
			};
			name = Release;
		};
/* End XCBuildConfiguration section */

/* Begin XCConfigurationList section */
		BCF9C0E92704E41E00C608B9 /* Build configuration list for PBXProject "ToDo" */ = {
			isa = XCConfigurationList;
			buildConfigurations = (
				BCF9C1192704E42200C608B9 /* Debug */,
				BCF9C11A2704E42200C608B9 /* Release */,
			);
			defaultConfigurationIsVisible = 0;
			defaultConfigurationName = Release;
		};
		BCF9C11B2704E42200C608B9 /* Build configuration list for PBXNativeTarget "ToDo" */ = {
			isa = XCConfigurationList;
			buildConfigurations = (
				BCF9C11C2704E42200C608B9 /* Debug */,
				BCF9C11D2704E42200C608B9 /* Release */,
			);
			defaultConfigurationIsVisible = 0;
			defaultConfigurationName = Release;
		};
		BCF9C11E2704E42200C608B9 /* Build configuration list for PBXNativeTarget "ToDoTests" */ = {
			isa = XCConfigurationList;
			buildConfigurations = (
				BCF9C11F2704E42200C608B9 /* Debug */,
				BCF9C1202704E42200C608B9 /* Release */,
			);
			defaultConfigurationIsVisible = 0;
			defaultConfigurationName = Release;
		};
		BCF9C1212704E42200C608B9 /* Build configuration list for PBXNativeTarget "ToDoUITests" */ = {
			isa = XCConfigurationList;
			buildConfigurations = (
				BCF9C1222704E42200C608B9 /* Debug */,
				BCF9C1232704E42200C608B9 /* Release */,
			);
			defaultConfigurationIsVisible = 0;
			defaultConfigurationName = Release;
		};
/* End XCConfigurationList section */

/* Begin XCVersionGroup section */
		BCF9C0FA2704E41E00C608B9 /* ToDo.xcdatamodeld */ = {
			isa = XCVersionGroup;
			children = (
				BCF9C0FB2704E41E00C608B9 /* ToDo.xcdatamodel */,
			);
			currentVersion = BCF9C0FB2704E41E00C608B9 /* ToDo.xcdatamodel */;
			path = ToDo.xcdatamodeld;
			sourceTree = "<group>";
			versionGroupType = wrapper.xcdatamodel;
		};
/* End XCVersionGroup section */
	};
	rootObject = BCF9C0E62704E41E00C608B9 /* Project object */;
}
